
Microsoft Visual Studio Solution File, Format Version 12.00
# Visual Studio Version 17
VisualStudioVersion = 17.4.33205.214
MinimumVisualStudioVersion = 10.0.40219.1
Project("{9A19103F-16F7-4668-BE54-9A1E7A4F7556}") = "DuplicateFolderCleaner", "DuplicateFolderCleaner.csproj", "{95240616-BE3E-4565-863A-FD1EF9FB591C}"
EndProject
Global
	GlobalSection(SolutionConfigurationPlatforms) = preSolution
		Debug|Any CPU = Debug|Any CPU
		Release|Any CPU = Release|Any CPU
	EndGlobalSection
	GlobalSection(ProjectConfigurationPlatforms) = postSolution
		{95240616-BE3E-4565-863A-FD1EF9FB591C}.Debug|Any CPU.ActiveCfg = Debug|Any CPU
		{95240616-BE3E-4565-863A-FD1EF9FB591C}.Debug|Any CPU.Build.0 = Debug|Any CPU
		{95240616-BE3E-4565-863A-FD1EF9FB591C}.Release|Any CPU.ActiveCfg = Release|Any CPU
		{95240616-BE3E-4565-863A-FD1EF9FB591C}.Release|Any CPU.Build.0 = Release|Any CPU
	EndGlobalSection
	GlobalSection(SolutionProperties) = preSolution
		HideSolutionNode = FALSE
	EndGlobalSection
	GlobalSection(ExtensibilityGlobals) = postSolution
		SolutionGuid = {351FDE96-F92D-4638-8049-7A50721A4212}
	EndGlobalSection
EndGlobal
